
Microsoft Visual Studio Solution File, Format Version 12.00
# Visual Studio Version 16
VisualStudioVersion = 16.0.29009.5
MinimumVisualStudioVersion = 10.0.40219.1
Project("{9A19103F-16F7-4668-BE54-9A1E7A4F7556}") = "Gee.External.Browsing", "Gee.External.Browsing\Gee.External.Browsing.csproj", "{A889AE24-0CE1-4947-8630-2C2E83A20E49}"
EndProject
Global
	GlobalSection(SolutionConfigurationPlatforms) = preSolution
		Debug|Any CPU = Debug|Any CPU
		Debug|x64 = Debug|x64
		Debug|x86 = Debug|x86
		Release|Any CPU = Release|Any CPU
		Release|x64 = Release|x64
		Release|x86 = Release|x86
	EndGlobalSection
	GlobalSection(ProjectConfigurationPlatforms) = postSolution
		{A889AE24-0CE1-4947-8630-2C2E83A20E49}.Debug|Any CPU.ActiveCfg = Debug|Any CPU
		{A889AE24-0CE1-4947-8630-2C2E83A20E49}.Debug|Any CPU.Build.0 = Debug|Any CPU
		{A889AE24-0CE1-4947-8630-2C2E83A20E49}.Debug|x64.ActiveCfg = Debug|x64
		{A889AE24-0CE1-4947-8630-2C2E83A20E49}.Debug|x64.Build.0 = Debug|x64
		{A889AE24-0CE1-4947-8630-2C2E83A20E49}.Debug|x86.ActiveCfg = Debug|x86
		{A889AE24-0CE1-4947-8630-2C2E83A20E49}.Debug|x86.Build.0 = Debug|x86
		{A889AE24-0CE1-4947-8630-2C2E83A20E49}.Release|Any CPU.ActiveCfg = Release|Any CPU
		{A889AE24-0CE1-4947-8630-2C2E83A20E49}.Release|Any CPU.Build.0 = Release|Any CPU
		{A889AE24-0CE1-4947-8630-2C2E83A20E49}.Release|x64.ActiveCfg = Release|x64
		{A889AE24-0CE1-4947-8630-2C2E83A20E49}.Release|x64.Build.0 = Release|x64
		{A889AE24-0CE1-4947-8630-2C2E83A20E49}.Release|x86.ActiveCfg = Release|x86
		{A889AE24-0CE1-4947-8630-2C2E83A20E49}.Release|x86.Build.0 = Release|x86
	EndGlobalSection
	GlobalSection(SolutionProperties) = preSolution
		HideSolutionNode = FALSE
	EndGlobalSection
	GlobalSection(ExtensibilityGlobals) = postSolution
		SolutionGuid = {1FCE4A82-6CC3-46B0-BA8A-D3D1916C2A48}
	EndGlobalSection
EndGlobal
